PODS:
  - AEXML (2.1.0)
  - Alamofire (3.4.1)
  - GRValidation (0.2.0)
  - Moya (6.5.0):
    - Moya/Core (= 6.5.0)
  - Moya/Core (6.5.0):
    - Alamofire (~> 3.0)
    - Result (~> 2.0)
  - Result (2.1.3)
  - SVProgressHUD (2.0-beta)
  - SwiftGraph (1.0.6)
  - SwiftyJSON (2.3.2)

DEPENDENCIES:
  - AEXML (~> 2.0)
  - Alamofire (~> 3.1)
  - GRValidation (~> 0.2)
  - Moya (~> 6.0)
  - SVProgressHUD (= 2.0-beta)
  - SwiftGraph (~> 1.0)
  - SwiftyJSON (~> 2.3)

SPEC CHECKSUMS:
  AEXML: 0e2f657fdc67e17905682a06d55583a863d80803
  Alamofire: 01a82e2f6c0f860ade35534c8dd88be61bdef40c
  GRValidation: ec1728af9afbaae160261f26f18231a7d77ac751
  Moya: f7a4044719381cc6299f9ad3e0ef05f426f0557b
  Result: 18e1a7597fbcca5923c565b40a25a98afafdee02
  SVProgressHUD: c83337f10ed32d701c423d519059a249973c8662
  SwiftGraph: 176d7058ab4cedfeef079742c4e4dafaa3d574b6
  SwiftyJSON: 04ccea08915aa0109039157c7974cf0298da292a

PODFILE CHECKSUM: feb80b046c2d142388a33ab5ed2d6797ba2b8890

COCOAPODS: 1.1.0.beta.1
